// !$*UTF8*$!
{
	archiveVersion = 1;
	classes = {
	};
	objectVersion = 46;
	objects = {

/* Begin PBXBuildFile section */
		BE8297541D09560100A2FDF1 /* AppDelegate.swift in Sources */ = {isa = PBXBuildFile; fileRef = BE8297531D09560100A2FDF1 /* AppDelegate.swift */; };
		BE8297561D09560100A2FDF1 /* ViewController.swift in Sources */ = {isa = PBXBuildFile; fileRef = BE8297551D09560100A2FDF1 /* ViewController.swift */; };
		BE8297591D09560100A2FDF1 /* Main.storyboard in Resources */ = {isa = PBXBuildFile; fileRef = BE8297571D09560100A2FDF1 /* Main.storyboard */; };
		BE82975C1D09560100A2FDF1 /* map_checkpoint.xcdatamodeld in Sources */ = {isa = PBXBuildFile; fileRef = BE82975A1D09560100A2FDF1 /* map_checkpoint.xcdatamodeld */; };
		BE82975E1D09560100A2FDF1 /* Assets.xcassets in Resources */ = {isa = PBXBuildFile; fileRef = BE82975D1D09560100A2FDF1 /* Assets.xcassets */; };
		BE8297611D09560100A2FDF1 /* LaunchScreen.storyboard in Resources */ = {isa = PBXBuildFile; fileRef = BE82975F1D09560100A2FDF1 /* LaunchScreen.storyboard */; };
		BE8297691D0957F700A2FDF1 /* MapKit.framework in Frameworks */ = {isa = PBXBuildFile; fileRef = BE8297681D0957F700A2FDF1 /* MapKit.framework */; };
/* End PBXBuildFile section */

/* Begin PBXFileReference section */
		BE8297501D09560100A2FDF1 /* map_checkpoint.app */ = {isa = PBXFileReference; explicitFileType = wrapper.application; includeInIndex = 0; path = map_checkpoint.app; sourceTree = BUILT_PRODUCTS_DIR; };
		BE8297531D09560100A2FDF1 /* AppDelegate.swift */ = {isa = PBXFileReference; lastKnownFileType = sourcecode.swift; path = AppDelegate.swift; sourceTree = "<group>"; };
		BE8297551D09560100A2FDF1 /* ViewController.swift */ = {isa = PBXFileReference; lastKnownFileType = sourcecode.swift; path = ViewController.swift; sourceTree = "<group>"; };
		BE8297581D09560100A2FDF1 /* Base */ = {isa = PBXFileReference; lastKnownFileType = file.storyboard; name = Base; path = Base.lproj/Main.storyboard; sourceTree = "<group>"; };
		BE82975B1D09560100A2FDF1 /* map_checkpoint.xcdatamodel */ = {isa = PBXFileReference; lastKnownFileType = wrapper.xcdatamodel; path = map_checkpoint.xcdatamodel; sourceTree = "<group>"; };
		BE82975D1D09560100A2FDF1 /* Assets.xcassets */ = {isa = PBXFileReference; lastKnownFileType = folder.assetcatalog; path = Assets.xcassets; sourceTree = "<group>"; };
		BE8297601D09560100A2FDF1 /* Base */ = {isa = PBXFileReference; lastKnownFileType = file.storyboard; name = Base; path = Base.lproj/LaunchScreen.storyboard; sourceTree = "<group>"; };
		BE8297621D09560100A2FDF1 /* Info.plist */ = {isa = PBXFileReference; lastKnownFileType = text.plist.xml; path = Info.plist; sourceTree = "<group>"; };
		BE8297681D0957F700A2FDF1 /* MapKit.framework */ = {isa = PBXFileReference; lastKnownFileType = wrapper.framework; name = MapKit.framework; path = System/Library/Frameworks/MapKit.framework; sourceTree = SDKROOT; };
/* End PBXFileReference section */

/* Begin PBXFrameworksBuildPhase section */
		BE82974D1D09560100A2FDF1 /* Frameworks */ = {
			isa = PBXFrameworksBuildPhase;
			buildActionMask = 2147483647;
			files = (
				BE8297691D0957F700A2FDF1 /* MapKit.framework in Frameworks */,
			);
			runOnlyForDeploymentPostprocessing = 0;
		};
/* End PBXFrameworksBuildPhase section */

/* Begin PBXGroup section */
		BE8297471D09560100A2FDF1 = {
			isa = PBXGroup;
			children = (
				BE8297681D0957F700A2FDF1 /* MapKit.framework */,
				BE8297521D09560100A2FDF1 /* map_checkpoint */,
				BE8297511D09560100A2FDF1 /* Products */,
			);
			sourceTree = "<group>";
		};
		BE8297511D09560100A2FDF1 /* Products */ = {
			isa = PBXGroup;
			children = (
				BE8297501D09560100A2FDF1 /* map_checkpoint.app */,
			);
			name = Products;
			sourceTree = "<group>";
		};
		BE8297521D09560100A2FDF1 /* map_checkpoint */ = {
			isa = PBXGroup;
			children = (
				BE8297531D09560100A2FDF1 /* AppDelegate.swift */,
				BE8297551D09560100A2FDF1 /* ViewController.swift */,
				BE8297571D09560100A2FDF1 /* Main.storyboard */,
				BE82975D1D09560100A2FDF1 /* Assets.xcassets */,
				BE82975F1D09560100A2FDF1 /* LaunchScreen.storyboard */,
				BE8297621D09560100A2FDF1 /* Info.plist */,
				BE82975A1D09560100A2FDF1 /* map_checkpoint.xcdatamodeld */,
			);
			path = map_checkpoint;
			sourceTree = "<group>";
		};
/* End PBXGroup section */

/* Begin PBXNativeTarget section */
		BE82974F1D09560100A2FDF1 /* map_checkpoint */ = {
			isa = PBXNativeTarget;
			buildConfigurationList = BE8297651D09560100A2FDF1 /* Build configuration list for PBXNativeTarget "map_checkpoint" */;
			buildPhases = (
				BE82974C1D09560100A2FDF1 /* Sources */,
				BE82974D1D09560100A2FDF1 /* Frameworks */,
				BE82974E1D09560100A2FDF1 /* Resources */,
			);
			buildRules = (
			);
			dependencies = (
			);
			name = map_checkpoint;
			productName = map_checkpoint;
			productReference = BE8297501D09560100A2FDF1 /* map_checkpoint.app */;
			productType = "com.apple.product-type.application";
		};
/* End PBXNativeTarget section */

/* Begin PBXProject section */
		BE8297481D09560100A2FDF1 /* Project object */ = {
			isa = PBXProject;
			attributes = {
				LastSwiftUpdateCheck = 0730;
				LastUpgradeCheck = 0730;
				ORGANIZATIONNAME = appcoda;
				TargetAttributes = {
					BE82974F1D09560100A2FDF1 = {
						CreatedOnToolsVersion = 7.3;
						DevelopmentTeam = 9BA88JSJBC;
						SystemCapabilities = {
							com.apple.BackgroundModes = {
								enabled = 1;
							};
							com.apple.Maps.iOS = {
								enabled = 1;
							};
						};
					};
				};
			};
			buildConfigurationList = BE82974B1D09560100A2FDF1 /* Build configuration list for PBXProject "map_checkpoint" */;
			compatibilityVersion = "Xcode 3.2";
			developmentRegion = English;
			hasScannedForEncodings = 0;
			knownRegions = (
				en,
				Base,
			);
			mainGroup = BE8297471D09560100A2FDF1;
			productRefGroup = BE8297511D09560100A2FDF1 /* Products */;
			projectDirPath = "";
			projectRoot = "";
			targets = (
				BE82974F1D09560100A2FDF1 /* map_checkpoint */,
			);
		};
/* End PBXProject section */

/* Begin PBXResourcesBuildPhase section */
		BE82974E1D09560100A2FDF1 /* Resources */ = {
			isa = PBXResourcesBuildPhase;
			buildActionMask = 2147483647;
			files = (
				BE8297611D09560100A2FDF1 /* LaunchScreen.storyboard in Resources */,
				BE82975E1D09560100A2FDF1 /* Assets.xcassets in Resources */,
				BE8297591D09560100A2FDF1 /* Main.storyboard in Resources */,
			);
			runOnlyForDeploymentPostprocessing = 0;
		};
/* End PBXResourcesBuildPhase section */

/* Begin PBXSourcesBuildPhase section */
		BE82974C1D09560100A2FDF1 /* Sources */ = {
			isa = PBXSourcesBuildPhase;
			buildActionMask = 2147483647;
			files = (
				BE8297561D09560100A2FDF1 /* ViewController.swift in Sources */,
				BE82975C1D09560100A2FDF1 /* map_checkpoint.xcdatamodeld in Sources */,
				BE8297541D09560100A2FDF1 /* AppDelegate.swift in Sources */,
			);
			runOnlyForDeploymentPostprocessing = 0;
		};
/* End PBXSourcesBuildPhase section */

/* Begin PBXVariantGroup section */
		BE8297571D09560100A2FDF1 /* Main.storyboard */ = {
			isa = PBXVariantGroup;
			children = (
				BE8297581D09560100A2FDF1 /* Base */,
			);
			name = Main.storyboard;
			sourceTree = "<group>";
		};
		BE82975F1D09560100A2FDF1 /* LaunchScreen.storyboard */ = {
			isa = PBXVariantGroup;
			children = (
				BE8297601D09560100A2FDF1 /* Base */,
			);
			name = LaunchScreen.storyboard;
			sourceTree = "<group>";
		};
/* End PBXVariantGroup section */

/* Begin XCBuildConfiguration section */
		BE8297631D09560100A2FDF1 /* Debug */ = {
			isa = XCBuildConfiguration;
			buildSettings = {
				ALWAYS_SEARCH_USER_PATHS = NO;
				CLANG_ANALYZER_NONNULL = YES;
				CLANG_CXX_LANGUAGE_STANDARD = "gnu++0x";
				CLANG_CXX_LIBRARY = "libc++";
				CLANG_ENABLE_MODULES = YES;
				CLANG_ENABLE_OBJC_ARC = YES;
				CLANG_WARN_BOOL_CONVERSION = YES;
				CLANG_WARN_CONSTANT_CONVERSION = YES;
				CLANG_WARN_DIRECT_OBJC_ISA_USAGE = YES_ERROR;
				CLANG_WARN_EMPTY_BODY = YES;
				CLANG_WARN_ENUM_CONVERSION = YES;
				CLANG_WARN_INT_CONVERSION = YES;
				CLANG_WARN_OBJC_ROOT_CLASS = YES_ERROR;
				CLANG_WARN_UNREACHABLE_CODE = YES;
				CLANG_WARN__DUPLICATE_METHOD_MATCH = YES;
				"CODE_SIGN_IDENTITY[sdk=iphoneos*]" = "iPhone Developer";
				COPY_PHASE_STRIP = NO;
				DEBUG_INFORMATION_FORMAT = dwarf;
				ENABLE_STRICT_OBJC_MSGSEND = YES;
				ENABLE_TESTABILITY = YES;
				GCC_C_LANGUAGE_STANDARD = gnu99;
				GCC_DYNAMIC_NO_PIC = NO;
				GCC_NO_COMMON_BLOCKS = YES;
				GCC_OPTIMIZATION_LEVEL = 0;
				GCC_PREPROCESSOR_DEFINITIONS = (
					"DEBUG=1",
					"$(inherited)",
				);
				GCC_WARN_64_TO_32_BIT_CONVERSION = YES;
				GCC_WARN_ABOUT_RETURN_TYPE = YES_ERROR;
				GCC_WARN_UNDECLARED_SELECTOR = YES;
				GCC_WARN_UNINITIALIZED_AUTOS = YES_AGGRESSIVE;
				GCC_WARN_UNUSED_FUNCTION = YES;
				GCC_WARN_UNUSED_VARIABLE = YES;
				IPHONEOS_DEPLOYMENT_TARGET = 9.3;
				MTL_ENABLE_DEBUG_INFO = YES;
				ONLY_ACTIVE_ARCH = YES;
				SDKROOT = iphoneos;
				SWIFT_OPTIMIZATION_LEVEL = "-Onone";
			};
			name = Debug;
		};
		BE8297641D09560100A2FDF1 /* Release */ = {
			isa = XCBuildConfiguration;
			buildSettings = {
				ALWAYS_SEARCH_USER_PATHS = NO;
				CLANG_ANALYZER_NONNULL = YES;
				CLANG_CXX_LANGUAGE_STANDARD = "gnu++0x";
				CLANG_CXX_LIBRARY = "libc++";
				CLANG_ENABLE_MODULES = YES;
				CLANG_ENABLE_OBJC_ARC = YES;
				CLANG_WARN_BOOL_CONVERSION = YES;
				CLANG_WARN_CONSTANT_CONVERSION = YES;
				CLANG_WARN_DIRECT_OBJC_ISA_USAGE = YES_ERROR;
				CLANG_WARN_EMPTY_BODY = YES;
				CLANG_WARN_ENUM_CONVERSION = YES;
				CLANG_WARN_INT_CONVERSION = YES;
				CLANG_WARN_OBJC_ROOT_CLASS = YES_ERROR;
				CLANG_WARN_UNREACHABLE_CODE = YES;
				CLANG_WARN__DUPLICATE_METHOD_MATCH = YES;
				"CODE_SIGN_IDENTITY[sdk=iphoneos*]" = "iPhone Developer";
				COPY_PHASE_STRIP = NO;
				DEBUG_INFORMATION_FORMAT = "dwarf-with-dsym";
				ENABLE_NS_ASSERTIONS = NO;
				ENABLE_STRICT_OBJC_MSGSEND = YES;
				GCC_C_LANGUAGE_STANDARD = gnu99;
				GCC_NO_COMMON_BLOCKS = YES;
				GCC_WARN_64_TO_32_BIT_CONVERSION = YES;
				GCC_WARN_ABOUT_RETURN_TYPE = YES_ERROR;
				GCC_WARN_UNDECLARED_SELECTOR = YES;
				GCC_WARN_UNINITIALIZED_AUTOS = YES_AGGRESSIVE;
				GCC_WARN_UNUSED_FUNCTION = YES;
				GCC_WARN_UNUSED_VARIABLE = YES;
				IPHONEOS_DEPLOYMENT_TARGET = 9.3;
				MTL_ENABLE_DEBUG_INFO = NO;
				SDKROOT = iphoneos;
				VALIDATE_PRODUCT = YES;
			};
			name = Release;
		};
		BE8297661D09560100A2FDF1 /* Debug */ = {
			isa = XCBuildConfiguration;
			buildSettings = {
				ASSETCATALOG_COMPILER_APPICON_NAME = AppIcon;
				CODE_SIGN_IDENTITY = "iPhone Developer";
				"CODE_SIGN_IDENTITY[sdk=iphoneos*]" = "iPhone Developer";
				INFOPLIST_FILE = map_checkpoint/Info.plist;
				LD_RUNPATH_SEARCH_PATHS = "$(inherited) @executable_path/Frameworks";
				PRODUCT_BUNDLE_IDENTIFIER = "com.appcoda.map-checkpoint";
				PRODUCT_NAME = "$(TARGET_NAME)";
				PROVISIONING_PROFILE = "";
			};
			name = Debug;
		};
		BE8297671D09560100A2FDF1 /* Release */ = {
			isa = XCBuildConfiguration;
			buildSettings = {
				ASSETCATALOG_COMPILER_APPICON_NAME = AppIcon;
				CODE_SIGN_IDENTITY = "iPhone Developer";
				"CODE_SIGN_IDENTITY[sdk=iphoneos*]" = "iPhone Developer";
				INFOPLIST_FILE = map_checkpoint/Info.plist;
				LD_RUNPATH_SEARCH_PATHS = "$(inherited) @executable_path/Frameworks";
				PRODUCT_BUNDLE_IDENTIFIER = "com.appcoda.map-checkpoint";
				PRODUCT_NAME = "$(TARGET_NAME)";
				PROVISIONING_PROFILE = "";
			};
			name = Release;
		};
/* End XCBuildConfiguration section */

/* Begin XCConfigurationList section */
		BE82974B1D09560100A2FDF1 /* Build configuration list for PBXProject "map_checkpoint" */ = {
			isa = XCConfigurationList;
			buildConfigurations = (
				BE8297631D09560100A2FDF1 /* Debug */,
				BE8297641D09560100A2FDF1 /* Release */,
			);
			defaultConfigurationIsVisible = 0;
			defaultConfigurationName = Release;
		};
		BE8297651D09560100A2FDF1 /* Build configuration list for PBXNativeTarget "map_checkpoint" */ = {
			isa = XCConfigurationList;
			buildConfigurations = (
				BE8297661D09560100A2FDF1 /* Debug */,
				BE8297671D09560100A2FDF1 /* Release */,
			);
			defaultConfigurationIsVisible = 0;
			defaultConfigurationName = Release;
		};
/* End XCConfigurationList section */

/* Begin XCVersionGroup section */
		BE82975A1D09560100A2FDF1 /* map_checkpoint.xcdatamodeld */ = {
			isa = XCVersionGroup;
			children = (
				BE82975B1D09560100A2FDF1 /* map_checkpoint.xcdatamodel */,
			);
			currentVersion = BE82975B1D09560100A2FDF1 /* map_checkpoint.xcdatamodel */;
			path = map_checkpoint.xcdatamodeld;
			sourceTree = "<group>";
			versionGroupType = wrapper.xcdatamodel;
		};
/* End XCVersionGroup section */
	};
	rootObject = BE8297481D09560100A2FDF1 /* Project object */;
}
